
Microsoft Visual Studio Solution File, Format Version 12.00
# Visual Studio Version 17
VisualStudioVersion = 17.0.31903.59
MinimumVisualStudioVersion = 10.0.40219.1
Project("{FAE04EC0-301F-11D3-BF4B-00C04F79EFBC}") = "GiftcardSample", "GiftcardSample\GiftcardSample.csproj", "{24D793D6-400F-4032-B251-9448AE6A1280}"
EndProject
Project("{FAE04EC0-301F-11D3-BF4B-00C04F79EFBC}") = "GiftcardSample.Facts", "GiftcardSample.Facts\GiftcardSample.Facts.csproj", "{E39C130E-53C3-4D88-9E68-24A7F1305039}"
EndProject
Global
	GlobalSection(SolutionConfigurationPlatforms) = preSolution
		Debug|Any CPU = Debug|Any CPU
		Release|Any CPU = Release|Any CPU
	EndGlobalSection
	GlobalSection(SolutionProperties) = preSolution
		HideSolutionNode = FALSE
	EndGlobalSection
	GlobalSection(ProjectConfigurationPlatforms) = postSolution
		{24D793D6-400F-4032-B251-9448AE6A1280}.Debug|Any CPU.ActiveCfg = Debug|Any CPU
		{24D793D6-400F-4032-B251-9448AE6A1280}.Debug|Any CPU.Build.0 = Debug|Any CPU
		{24D793D6-400F-4032-B251-9448AE6A1280}.Release|Any CPU.ActiveCfg = Release|Any CPU
		{24D793D6-400F-4032-B251-9448AE6A1280}.Release|Any CPU.Build.0 = Release|Any CPU
		{E39C130E-53C3-4D88-9E68-24A7F1305039}.Debug|Any CPU.ActiveCfg = Debug|Any CPU
		{E39C130E-53C3-4D88-9E68-24A7F1305039}.Debug|Any CPU.Build.0 = Debug|Any CPU
		{E39C130E-53C3-4D88-9E68-24A7F1305039}.Release|Any CPU.ActiveCfg = Release|Any CPU
		{E39C130E-53C3-4D88-9E68-24A7F1305039}.Release|Any CPU.Build.0 = Release|Any CPU
	EndGlobalSection
EndGlobal
