
Microsoft Visual Studio Solution File, Format Version 12.00
# Visual Studio Version 17
VisualStudioVersion = 17.0.31903.59
MinimumVisualStudioVersion = 10.0.40219.1
Project("{FAE04EC0-301F-11D3-BF4B-00C04F79EFBC}") = "GiftcardSample", "GiftcardSample\GiftcardSample.csproj", "{CEF1D606-2685-440A-A497-4B6846006910}"
EndProject
Project("{FAE04EC0-301F-11D3-BF4B-00C04F79EFBC}") = "GiftcardSample.Facts", "GiftcardSample.Facts\GiftcardSample.Facts.csproj", "{7DE147A0-E157-4AAA-AE3A-8C65E78B663E}"
EndProject
Global
	GlobalSection(SolutionConfigurationPlatforms) = preSolution
		Debug|Any CPU = Debug|Any CPU
		Release|Any CPU = Release|Any CPU
	EndGlobalSection
	GlobalSection(SolutionProperties) = preSolution
		HideSolutionNode = FALSE
	EndGlobalSection
	GlobalSection(ProjectConfigurationPlatforms) = postSolution
		{CEF1D606-2685-440A-A497-4B6846006910}.Debug|Any CPU.ActiveCfg = Debug|Any CPU
		{CEF1D606-2685-440A-A497-4B6846006910}.Debug|Any CPU.Build.0 = Debug|Any CPU
		{CEF1D606-2685-440A-A497-4B6846006910}.Release|Any CPU.ActiveCfg = Release|Any CPU
		{CEF1D606-2685-440A-A497-4B6846006910}.Release|Any CPU.Build.0 = Release|Any CPU
		{7DE147A0-E157-4AAA-AE3A-8C65E78B663E}.Debug|Any CPU.ActiveCfg = Debug|Any CPU
		{7DE147A0-E157-4AAA-AE3A-8C65E78B663E}.Debug|Any CPU.Build.0 = Debug|Any CPU
		{7DE147A0-E157-4AAA-AE3A-8C65E78B663E}.Release|Any CPU.ActiveCfg = Release|Any CPU
		{7DE147A0-E157-4AAA-AE3A-8C65E78B663E}.Release|Any CPU.Build.0 = Release|Any CPU
	EndGlobalSection
EndGlobal
